
Microsoft Visual Studio Solution File, Format Version 12.00
# Visual Studio Version 17
VisualStudioVersion = 17.8.34330.188
MinimumVisualStudioVersion = 10.0.40219.1
Project("{FAE04EC0-301F-11D3-BF4B-00C04F79EFBC}") = "fortnite-custom-launcher", "fortnite-custom-launcher\fortnite-custom-launcher.csproj", "{2E1B9A2E-1F23-436D-8374-BBB6018CCC86}"
EndProject
Global
	GlobalSection(SolutionConfigurationPlatforms) = preSolution
		Debug|Any CPU = Debug|Any CPU
		Release|Any CPU = Release|Any CPU
	EndGlobalSection
	GlobalSection(ProjectConfigurationPlatforms) = postSolution
		{2E1B9A2E-1F23-436D-8374-BBB6018CCC86}.Debug|Any CPU.ActiveCfg = Debug|Any CPU
		{2E1B9A2E-1F23-436D-8374-BBB6018CCC86}.Debug|Any CPU.Build.0 = Debug|Any CPU
		{2E1B9A2E-1F23-436D-8374-BBB6018CCC86}.Release|Any CPU.ActiveCfg = Release|Any CPU
		{2E1B9A2E-1F23-436D-8374-BBB6018CCC86}.Release|Any CPU.Build.0 = Release|Any CPU
	EndGlobalSection
	GlobalSection(SolutionProperties) = preSolution
		HideSolutionNode = FALSE
	EndGlobalSection
	GlobalSection(ExtensibilityGlobals) = postSolution
		SolutionGuid = {0B9A17B0-D295-402D-8EDF-82DE9FE67550}
	EndGlobalSection
EndGlobal
